
Microsoft Visual Studio Solution File, Format Version 12.00
# Visual Studio Version 16
VisualStudioVersion = 16.0.29728.190
MinimumVisualStudioVersion = 10.0.40219.1
Project("{FAE04EC0-301F-11D3-BF4B-00C04F79EFBC}") = "ConsoleApp", "ConsoleApp\ConsoleApp.csproj", "{152FB9D4-8C9A-4213-ACFE-D1EEF7339976}"
EndProject
Project("{FAE04EC0-301F-11D3-BF4B-00C04F79EFBC}") = "UnitTestProject", "UnitTestProject\UnitTestProject.csproj", "{65241E79-108A-46DF-B17C-D5DAB7128F08}"
EndProject
Project("{FAE04EC0-301F-11D3-BF4B-00C04F79EFBC}") = "UICase", "UICase\UICase.csproj", "{5B6BD0F0-94CB-40E8-918F-F48B98119D19}"
EndProject
Global
	GlobalSection(SolutionConfigurationPlatforms) = preSolution
		Debug|Any CPU = Debug|Any CPU
		Release|Any CPU = Release|Any CPU
	EndGlobalSection
	GlobalSection(ProjectConfigurationPlatforms) = postSolution
		{152FB9D4-8C9A-4213-ACFE-D1EEF7339976}.Debug|Any CPU.ActiveCfg = Debug|Any CPU
		{152FB9D4-8C9A-4213-ACFE-D1EEF7339976}.Debug|Any CPU.Build.0 = Debug|Any CPU
		{152FB9D4-8C9A-4213-ACFE-D1EEF7339976}.Release|Any CPU.ActiveCfg = Release|Any CPU
		{152FB9D4-8C9A-4213-ACFE-D1EEF7339976}.Release|Any CPU.Build.0 = Release|Any CPU
		{65241E79-108A-46DF-B17C-D5DAB7128F08}.Debug|Any CPU.ActiveCfg = Debug|Any CPU
		{65241E79-108A-46DF-B17C-D5DAB7128F08}.Debug|Any CPU.Build.0 = Debug|Any CPU
		{65241E79-108A-46DF-B17C-D5DAB7128F08}.Release|Any CPU.ActiveCfg = Release|Any CPU
		{65241E79-108A-46DF-B17C-D5DAB7128F08}.Release|Any CPU.Build.0 = Release|Any CPU
		{5B6BD0F0-94CB-40E8-918F-F48B98119D19}.Debug|Any CPU.ActiveCfg = Debug|Any CPU
		{5B6BD0F0-94CB-40E8-918F-F48B98119D19}.Debug|Any CPU.Build.0 = Debug|Any CPU
		{5B6BD0F0-94CB-40E8-918F-F48B98119D19}.Release|Any CPU.ActiveCfg = Release|Any CPU
		{5B6BD0F0-94CB-40E8-918F-F48B98119D19}.Release|Any CPU.Build.0 = Release|Any CPU
	EndGlobalSection
	GlobalSection(SolutionProperties) = preSolution
		HideSolutionNode = FALSE
	EndGlobalSection
	GlobalSection(ExtensibilityGlobals) = postSolution
		SolutionGuid = {9C6FAE03-C253-4DD0-B65E-6C1505EBFFB1}
	EndGlobalSection
EndGlobal
